
Microsoft Visual Studio Solution File, Format Version 12.00
# Visual Studio Version 17
VisualStudioVersion = 17.10.34916.146
MinimumVisualStudioVersion = 10.0.40219.1
Project("{FAE04EC0-301F-11D3-BF4B-00C04F79EFBC}") = "Final_MozArt", "Final_MozArt\Final_MozArt.csproj", "{5D5690D8-22EE-4A03-8EBA-4508FAD460F5}"
EndProject
Global
	GlobalSection(SolutionConfigurationPlatforms) = preSolution
		Debug|Any CPU = Debug|Any CPU
		Release|Any CPU = Release|Any CPU
	EndGlobalSection
	GlobalSection(ProjectConfigurationPlatforms) = postSolution
		{5D5690D8-22EE-4A03-8EBA-4508FAD460F5}.Debug|Any CPU.ActiveCfg = Debug|Any CPU
		{5D5690D8-22EE-4A03-8EBA-4508FAD460F5}.Debug|Any CPU.Build.0 = Debug|Any CPU
		{5D5690D8-22EE-4A03-8EBA-4508FAD460F5}.Release|Any CPU.ActiveCfg = Release|Any CPU
		{5D5690D8-22EE-4A03-8EBA-4508FAD460F5}.Release|Any CPU.Build.0 = Release|Any CPU
	EndGlobalSection
	GlobalSection(SolutionProperties) = preSolution
		HideSolutionNode = FALSE
	EndGlobalSection
	GlobalSection(ExtensibilityGlobals) = postSolution
		SolutionGuid = {07AACD29-047C-4056-880E-62F4499EED9B}
	EndGlobalSection
EndGlobal
